dependencies:
- name: common
  repository: oci://registry-1.docker.io/bitnamicharts
  version: 2.11.1
- name: mongodb
  repository: oci://registry-1.docker.io/bitnamicharts
  version: 13.18.4
digest: sha256:a5807bbdb24b5c04f12046462e5893450b2ada35cb5f80014606475df3740091
generated: "2023-09-21T15:54:30.24679+02:00"
