dependencies:
- name: common
  repository: oci://registry-1.docker.io/bitnamicharts
  version: 2.13.3
- name: mongodb
  repository: oci://registry-1.docker.io/bitnamicharts
  version: 14.0.14
digest: sha256:50ebcd9ce1c4e279a55f95fd5dd7a689ab294cd0344d86c9a14004d3f6d97ca0
generated: "2023-10-27T11:35:19.022006+02:00"
